// !$*UTF8*$!
{
	archiveVersion = 1;
	classes = {
	};
	objectVersion = 50;
	objects = {

/* Begin PBXBuildFile section */
		111F8B0A21A79F28008262EA /* AppDelegate.swift in Sources */ = {isa = PBXBuildFile; fileRef = 111F8B0921A79F28008262EA /* AppDelegate.swift */; };
		111F8B0C21A79F28008262EA /* ViewController.swift in Sources */ = {isa = PBXBuildFile; fileRef = 111F8B0B21A79F28008262EA /* ViewController.swift */; };
		111F8B0F21A79F28008262EA /* Main.storyboard in Resources */ = {isa = PBXBuildFile; fileRef = 111F8B0D21A79F28008262EA /* Main.storyboard */; };
		111F8B1121A79F2A008262EA /* Assets.xcassets in Resources */ = {isa = PBXBuildFile; fileRef = 111F8B1021A79F2A008262EA /* Assets.xcassets */; };
		111F8B1421A79F2A008262EA /* LaunchScreen.storyboard in Resources */ = {isa = PBXBuildFile; fileRef = 111F8B1221A79F2A008262EA /* LaunchScreen.storyboard */; };
		111F8B1C21A79F5E008262EA /* DXBrightness.swift in Sources */ = {isa = PBXBuildFile; fileRef = 111F8B1B21A79F5E008262EA /* DXBrightness.swift */; };
		111F8B1E21A7CD1D008262EA /* QRCodeController.swift in Sources */ = {isa = PBXBuildFile; fileRef = 111F8B1D21A7CD1D008262EA /* QRCodeController.swift */; };
/* End PBXBuildFile section */

/* Begin PBXFileReference section */
		111F8B0621A79F28008262EA /* BrightnessGradientDemo.app */ = {isa = PBXFileReference; explicitFileType = wrapper.application; includeInIndex = 0; path = BrightnessGradientDemo.app; sourceTree = BUILT_PRODUCTS_DIR; };
		111F8B0921A79F28008262EA /* AppDelegate.swift */ = {isa = PBXFileReference; lastKnownFileType = sourcecode.swift; path = AppDelegate.swift; sourceTree = "<group>"; };
		111F8B0B21A79F28008262EA /* ViewController.swift */ = {isa = PBXFileReference; lastKnownFileType = sourcecode.swift; path = ViewController.swift; sourceTree = "<group>"; };
		111F8B0E21A79F28008262EA /* Base */ = {isa = PBXFileReference; lastKnownFileType = file.storyboard; name = Base; path = Base.lproj/Main.storyboard; sourceTree = "<group>"; };
		111F8B1021A79F2A008262EA /* Assets.xcassets */ = {isa = PBXFileReference; lastKnownFileType = folder.assetcatalog; path = Assets.xcassets; sourceTree = "<group>"; };
		111F8B1321A79F2A008262EA /* Base */ = {isa = PBXFileReference; lastKnownFileType = file.storyboard; name = Base; path = Base.lproj/LaunchScreen.storyboard; sourceTree = "<group>"; };
		111F8B1521A79F2A008262EA /* Info.plist */ = {isa = PBXFileReference; lastKnownFileType = text.plist.xml; path = Info.plist; sourceTree = "<group>"; };
		111F8B1B21A79F5E008262EA /* DXBrightness.swift */ = {isa = PBXFileReference; lastKnownFileType = sourcecode.swift; path = DXBrightness.swift; sourceTree = "<group>"; };
		111F8B1D21A7CD1D008262EA /* QRCodeController.swift */ = {isa = PBXFileReference; lastKnownFileType = sourcecode.swift; path = QRCodeController.swift; sourceTree = "<group>"; };
/* End PBXFileReference section */

/* Begin PBXFrameworksBuildPhase section */
		111F8B0321A79F28008262EA /* Frameworks */ = {
			isa = PBXFrameworksBuildPhase;
			buildActionMask = 2147483647;
			files = (
			);
			runOnlyForDeploymentPostprocessing = 0;
		};
/* End PBXFrameworksBuildPhase section */

/* Begin PBXGroup section */
		111F8AFD21A79F28008262EA = {
			isa = PBXGroup;
			children = (
				111F8B0821A79F28008262EA /* BrightnessGradientDemo */,
				111F8B0721A79F28008262EA /* Products */,
			);
			sourceTree = "<group>";
		};
		111F8B0721A79F28008262EA /* Products */ = {
			isa = PBXGroup;
			children = (
				111F8B0621A79F28008262EA /* BrightnessGradientDemo.app */,
			);
			name = Products;
			sourceTree = "<group>";
		};
		111F8B0821A79F28008262EA /* BrightnessGradientDemo */ = {
			isa = PBXGroup;
			children = (
				111F8B0921A79F28008262EA /* AppDelegate.swift */,
				111F8B0B21A79F28008262EA /* ViewController.swift */,
				111F8B1D21A7CD1D008262EA /* QRCodeController.swift */,
				111F8B1B21A79F5E008262EA /* DXBrightness.swift */,
				111F8B0D21A79F28008262EA /* Main.storyboard */,
				111F8B1021A79F2A008262EA /* Assets.xcassets */,
				111F8B1221A79F2A008262EA /* LaunchScreen.storyboard */,
				111F8B1521A79F2A008262EA /* Info.plist */,
			);
			path = BrightnessGradientDemo;
			sourceTree = "<group>";
		};
/* End PBXGroup section */

/* Begin PBXNativeTarget section */
		111F8B0521A79F28008262EA /* BrightnessGradientDemo */ = {
			isa = PBXNativeTarget;
			buildConfigurationList = 111F8B1821A79F2A008262EA /* Build configuration list for PBXNativeTarget "BrightnessGradientDemo" */;
			buildPhases = (
				111F8B0221A79F28008262EA /* Sources */,
				111F8B0321A79F28008262EA /* Frameworks */,
				111F8B0421A79F28008262EA /* Resources */,
			);
			buildRules = (
			);
			dependencies = (
			);
			name = BrightnessGradientDemo;
			productName = BrightnessGradientDemo;
			productReference = 111F8B0621A79F28008262EA /* BrightnessGradientDemo.app */;
			productType = "com.apple.product-type.application";
		};
/* End PBXNativeTarget section */

/* Begin PBXProject section */
		111F8AFE21A79F28008262EA /* Project object */ = {
			isa = PBXProject;
			attributes = {
				LastSwiftUpdateCheck = 1000;
				LastUpgradeCheck = 1000;
				ORGANIZATIONNAME = shangZhu;
				TargetAttributes = {
					111F8B0521A79F28008262EA = {
						CreatedOnToolsVersion = 10.0;
					};
				};
			};
			buildConfigurationList = 111F8B0121A79F28008262EA /* Build configuration list for PBXProject "BrightnessGradientDemo" */;
			compatibilityVersion = "Xcode 9.3";
			developmentRegion = en;
			hasScannedForEncodings = 0;
			knownRegions = (
				en,
				Base,
			);
			mainGroup = 111F8AFD21A79F28008262EA;
			productRefGroup = 111F8B0721A79F28008262EA /* Products */;
			projectDirPath = "";
			projectRoot = "";
			targets = (
				111F8B0521A79F28008262EA /* BrightnessGradientDemo */,
			);
		};
/* End PBXProject section */

/* Begin PBXResourcesBuildPhase section */
		111F8B0421A79F28008262EA /* Resources */ = {
			isa = PBXResourcesBuildPhase;
			buildActionMask = 2147483647;
			files = (
				111F8B1421A79F2A008262EA /* LaunchScreen.storyboard in Resources */,
				111F8B1121A79F2A008262EA /* Assets.xcassets in Resources */,
				111F8B0F21A79F28008262EA /* Main.storyboard in Resources */,
			);
			runOnlyForDeploymentPostprocessing = 0;
		};
/* End PBXResourcesBuildPhase section */

/* Begin PBXSourcesBuildPhase section */
		111F8B0221A79F28008262EA /* Sources */ = {
			isa = PBXSourcesBuildPhase;
			buildActionMask = 2147483647;
			files = (
				111F8B0C21A79F28008262EA /* ViewController.swift in Sources */,
				111F8B0A21A79F28008262EA /* AppDelegate.swift in Sources */,
				111F8B1C21A79F5E008262EA /* DXBrightness.swift in Sources */,
				111F8B1E21A7CD1D008262EA /* QRCodeController.swift in Sources */,
			);
			runOnlyForDeploymentPostprocessing = 0;
		};
/* End PBXSourcesBuildPhase section */

/* Begin PBXVariantGroup section */
		111F8B0D21A79F28008262EA /* Main.storyboard */ = {
			isa = PBXVariantGroup;
			children = (
				111F8B0E21A79F28008262EA /* Base */,
			);
			name = Main.storyboard;
			sourceTree = "<group>";
		};
		111F8B1221A79F2A008262EA /* LaunchScreen.storyboard */ = {
			isa = PBXVariantGroup;
			children = (
				111F8B1321A79F2A008262EA /* Base */,
			);
			name = LaunchScreen.storyboard;
			sourceTree = "<group>";
		};
/* End PBXVariantGroup section */

/* Begin XCBuildConfiguration section */
		111F8B1621A79F2A008262EA /* Debug */ = {
			isa = XCBuildConfiguration;
			buildSettings = {
				ALWAYS_SEARCH_USER_PATHS = NO;
				CLANG_ANALYZER_NONNULL = YES;
				CLANG_ANALYZER_NUMBER_OBJECT_CONVERSION = YES_AGGRESSIVE;
				CLANG_CXX_LANGUAGE_STANDARD = "gnu++14";
				CLANG_CXX_LIBRARY = "libc++";
				CLANG_ENABLE_MODULES = YES;
				CLANG_ENABLE_OBJC_ARC = YES;
				CLANG_ENABLE_OBJC_WEAK = YES;
				CLANG_WARN_BLOCK_CAPTURE_AUTORELEASING = YES;
				CLANG_WARN_BOOL_CONVERSION = YES;
				CLANG_WARN_COMMA = YES;
				CLANG_WARN_CONSTANT_CONVERSION = YES;
				CLANG_WARN_DEPRECATED_OBJC_IMPLEMENTATIONS = YES;
				CLANG_WARN_DIRECT_OBJC_ISA_USAGE = YES_ERROR;
				CLANG_WARN_DOCUMENTATION_COMMENTS = YES;
				CLANG_WARN_EMPTY_BODY = YES;
				CLANG_WARN_ENUM_CONVERSION = YES;
				CLANG_WARN_INFINITE_RECURSION = YES;
				CLANG_WARN_INT_CONVERSION = YES;
				CLANG_WARN_NON_LITERAL_NULL_CONVERSION = YES;
				CLANG_WARN_OBJC_IMPLICIT_RETAIN_SELF = YES;
				CLANG_WARN_OBJC_LITERAL_CONVERSION = YES;
				CLANG_WARN_OBJC_ROOT_CLASS = YES_ERROR;
				CLANG_WARN_RANGE_LOOP_ANALYSIS = YES;
				CLANG_WARN_STRICT_PROTOTYPES = YES;
				CLANG_WARN_SUSPICIOUS_MOVE = YES;
				CLANG_WARN_UNGUARDED_AVAILABILITY = YES_AGGRESSIVE;
				CLANG_WARN_UNREACHABLE_CODE = YES;
				CLANG_WARN__DUPLICATE_METHOD_MATCH = YES;
				CODE_SIGN_IDENTITY = "iPhone Developer";
				COPY_PHASE_STRIP = NO;
				DEBUG_INFORMATION_FORMAT = dwarf;
				ENABLE_STRICT_OBJC_MSGSEND = YES;
				ENABLE_TESTABILITY = YES;
				GCC_C_LANGUAGE_STANDARD = gnu11;
				GCC_DYNAMIC_NO_PIC = NO;
				GCC_NO_COMMON_BLOCKS = YES;
				GCC_OPTIMIZATION_LEVEL = 0;
				GCC_PREPROCESSOR_DEFINITIONS = (
					"DEBUG=1",
					"$(inherited)",
				);
				GCC_WARN_64_TO_32_BIT_CONVERSION = YES;
				GCC_WARN_ABOUT_RETURN_TYPE = YES_ERROR;
				GCC_WARN_UNDECLARED_SELECTOR = YES;
				GCC_WARN_UNINITIALIZED_AUTOS = YES_AGGRESSIVE;
				GCC_WARN_UNUSED_FUNCTION = YES;
				GCC_WARN_UNUSED_VARIABLE = YES;
				IPHONEOS_DEPLOYMENT_TARGET = 12.0;
				MTL_ENABLE_DEBUG_INFO = INCLUDE_SOURCE;
				MTL_FAST_MATH = YES;
				ONLY_ACTIVE_ARCH = YES;
				SDKROOT = iphoneos;
				SWIFT_ACTIVE_COMPILATION_CONDITIONS = DEBUG;
				SWIFT_OPTIMIZATION_LEVEL = "-Onone";
			};
			name = Debug;
		};
		111F8B1721A79F2A008262EA /* Release */ = {
			isa = XCBuildConfiguration;
			buildSettings = {
				ALWAYS_SEARCH_USER_PATHS = NO;
				CLANG_ANALYZER_NONNULL = YES;
				CLANG_ANALYZER_NUMBER_OBJECT_CONVERSION = YES_AGGRESSIVE;
				CLANG_CXX_LANGUAGE_STANDARD = "gnu++14";
				CLANG_CXX_LIBRARY = "libc++";
				CLANG_ENABLE_MODULES = YES;
				CLANG_ENABLE_OBJC_ARC = YES;
				CLANG_ENABLE_OBJC_WEAK = YES;
				CLANG_WARN_BLOCK_CAPTURE_AUTORELEASING = YES;
				CLANG_WARN_BOOL_CONVERSION = YES;
				CLANG_WARN_COMMA = YES;
				CLANG_WARN_CONSTANT_CONVERSION = YES;
				CLANG_WARN_DEPRECATED_OBJC_IMPLEMENTATIONS = YES;
				CLANG_WARN_DIRECT_OBJC_ISA_USAGE = YES_ERROR;
				CLANG_WARN_DOCUMENTATION_COMMENTS = YES;
				CLANG_WARN_EMPTY_BODY = YES;
				CLANG_WARN_ENUM_CONVERSION = YES;
				CLANG_WARN_INFINITE_RECURSION = YES;
				CLANG_WARN_INT_CONVERSION = YES;
				CLANG_WARN_NON_LITERAL_NULL_CONVERSION = YES;
				CLANG_WARN_OBJC_IMPLICIT_RETAIN_SELF = YES;
				CLANG_WARN_OBJC_LITERAL_CONVERSION = YES;
				CLANG_WARN_OBJC_ROOT_CLASS = YES_ERROR;
				CLANG_WARN_RANGE_LOOP_ANALYSIS = YES;
				CLANG_WARN_STRICT_PROTOTYPES = YES;
				CLANG_WARN_SUSPICIOUS_MOVE = YES;
				CLANG_WARN_UNGUARDED_AVAILABILITY = YES_AGGRESSIVE;
				CLANG_WARN_UNREACHABLE_CODE = YES;
				CLANG_WARN__DUPLICATE_METHOD_MATCH = YES;
				CODE_SIGN_IDENTITY = "iPhone Developer";
				COPY_PHASE_STRIP = NO;
				DEBUG_INFORMATION_FORMAT = "dwarf-with-dsym";
				ENABLE_NS_ASSERTIONS = NO;
				ENABLE_STRICT_OBJC_MSGSEND = YES;
				GCC_C_LANGUAGE_STANDARD = gnu11;
				GCC_NO_COMMON_BLOCKS = YES;
				GCC_WARN_64_TO_32_BIT_CONVERSION = YES;
				GCC_WARN_ABOUT_RETURN_TYPE = YES_ERROR;
				GCC_WARN_UNDECLARED_SELECTOR = YES;
				GCC_WARN_UNINITIALIZED_AUTOS = YES_AGGRESSIVE;
				GCC_WARN_UNUSED_FUNCTION = YES;
				GCC_WARN_UNUSED_VARIABLE = YES;
				IPHONEOS_DEPLOYMENT_TARGET = 12.0;
				MTL_ENABLE_DEBUG_INFO = NO;
				MTL_FAST_MATH = YES;
				SDKROOT = iphoneos;
				SWIFT_COMPILATION_MODE = wholemodule;
				SWIFT_OPTIMIZATION_LEVEL = "-O";
				VALIDATE_PRODUCT = YES;
			};
			name = Release;
		};
		111F8B1921A79F2A008262EA /* Debug */ = {
			isa = XCBuildConfiguration;
			buildSettings = {
				ASSETCATALOG_COMPILER_APPICON_NAME = AppIcon;
				CODE_SIGN_STYLE = Automatic;
				DEVELOPMENT_TEAM = 45S7UXYXC7;
				INFOPLIST_FILE = BrightnessGradientDemo/Info.plist;
				IPHONEOS_DEPLOYMENT_TARGET = 9.1;
				LD_RUNPATH_SEARCH_PATHS = (
					"$(inherited)",
					"@executable_path/Frameworks",
				);
				PRODUCT_BUNDLE_IDENTIFIER = com.shangzhu.BrightnessGradientDemo;
				PRODUCT_NAME = "$(TARGET_NAME)";
				SWIFT_VERSION = 4.2;
				TARGETED_DEVICE_FAMILY = "1,2";
			};
			name = Debug;
		};
		111F8B1A21A79F2A008262EA /* Release */ = {
			isa = XCBuildConfiguration;
			buildSettings = {
				ASSETCATALOG_COMPILER_APPICON_NAME = AppIcon;
				CODE_SIGN_STYLE = Automatic;
				DEVELOPMENT_TEAM = 45S7UXYXC7;
				INFOPLIST_FILE = BrightnessGradientDemo/Info.plist;
				IPHONEOS_DEPLOYMENT_TARGET = 9.1;
				LD_RUNPATH_SEARCH_PATHS = (
					"$(inherited)",
					"@executable_path/Frameworks",
				);
				PRODUCT_BUNDLE_IDENTIFIER = com.shangzhu.BrightnessGradientDemo;
				PRODUCT_NAME = "$(TARGET_NAME)";
				SWIFT_VERSION = 4.2;
				TARGETED_DEVICE_FAMILY = "1,2";
			};
			name = Release;
		};
/* End XCBuildConfiguration section */

/* Begin XCConfigurationList section */
		111F8B0121A79F28008262EA /* Build configuration list for PBXProject "BrightnessGradientDemo" */ = {
			isa = XCConfigurationList;
			buildConfigurations = (
				111F8B1621A79F2A008262EA /* Debug */,
				111F8B1721A79F2A008262EA /* Release */,
			);
			defaultConfigurationIsVisible = 0;
			defaultConfigurationName = Release;
		};
		111F8B1821A79F2A008262EA /* Build configuration list for PBXNativeTarget "BrightnessGradientDemo" */ = {
			isa = XCConfigurationList;
			buildConfigurations = (
				111F8B1921A79F2A008262EA /* Debug */,
				111F8B1A21A79F2A008262EA /* Release */,
			);
			defaultConfigurationIsVisible = 0;
			defaultConfigurationName = Release;
		};
/* End XCConfigurationList section */
	};
	rootObject = 111F8AFE21A79F28008262EA /* Project object */;
}
